// !$*UTF8*$!
{
	archiveVersion = 1;
	classes = {
	};
	objectVersion = 50;
	objects = {

/* Begin PBXBuildFile section */
		29505A9024016A59006A4E93 /* AppDelegate.swift in Sources */ = {isa = PBXBuildFile; fileRef = 29505A8F24016A59006A4E93 /* AppDelegate.swift */; };
		29505A9224016A59006A4E93 /* SceneDelegate.swift in Sources */ = {isa = PBXBuildFile; fileRef = 29505A9124016A59006A4E93 /* SceneDelegate.swift */; };
		29505A9424016A59006A4E93 /* ViewController.swift in Sources */ = {isa = PBXBuildFile; fileRef = 29505A9324016A59006A4E93 /* ViewController.swift */; };
		29505A9724016A59006A4E93 /* Main.storyboard in Resources */ = {isa = PBXBuildFile; fileRef = 29505A9524016A59006A4E93 /* Main.storyboard */; };
		29505A9924016A5A006A4E93 /* Assets.xcassets in Resources */ = {isa = PBXBuildFile; fileRef = 29505A9824016A5A006A4E93 /* Assets.xcassets */; };
		29505A9C24016A5A006A4E93 /* LaunchScreen.storyboard in Resources */ = {isa = PBXBuildFile; fileRef = 29505A9A24016A5A006A4E93 /* LaunchScreen.storyboard */; };
		29505AA424016F90006A4E93 /* MapViewController.swift in Sources */ = {isa = PBXBuildFile; fileRef = 29505AA324016F90006A4E93 /* MapViewController.swift */; };
		29505AA624017C48006A4E93 /* Location.swift in Sources */ = {isa = PBXBuildFile; fileRef = 29505AA524017C48006A4E93 /* Location.swift */; };
		29505AAA2402B793006A4E93 /* data.json in Resources */ = {isa = PBXBuildFile; fileRef = 29505AA92402B793006A4E93 /* data.json */; };
/* End PBXBuildFile section */

/* Begin PBXFileReference section */
		29505A8C24016A59006A4E93 /* Shincheonji Map.app */ = {isa = PBXFileReference; explicitFileType = wrapper.application; includeInIndex = 0; path = "Shincheonji Map.app"; sourceTree = BUILT_PRODUCTS_DIR; };
		29505A8F24016A59006A4E93 /* AppDelegate.swift */ = {isa = PBXFileReference; lastKnownFileType = sourcecode.swift; path = AppDelegate.swift; sourceTree = "<group>"; };
		29505A9124016A59006A4E93 /* SceneDelegate.swift */ = {isa = PBXFileReference; lastKnownFileType = sourcecode.swift; path = SceneDelegate.swift; sourceTree = "<group>"; };
		29505A9324016A59006A4E93 /* ViewController.swift */ = {isa = PBXFileReference; lastKnownFileType = sourcecode.swift; path = ViewController.swift; sourceTree = "<group>"; };
		29505A9624016A59006A4E93 /* Base */ = {isa = PBXFileReference; lastKnownFileType = file.storyboard; name = Base; path = Base.lproj/Main.storyboard; sourceTree = "<group>"; };
		29505A9824016A5A006A4E93 /* Assets.xcassets */ = {isa = PBXFileReference; lastKnownFileType = folder.assetcatalog; path = Assets.xcassets; sourceTree = "<group>"; };
		29505A9B24016A5A006A4E93 /* Base */ = {isa = PBXFileReference; lastKnownFileType = file.storyboard; name = Base; path = Base.lproj/LaunchScreen.storyboard; sourceTree = "<group>"; };
		29505A9D24016A5A006A4E93 /* Info.plist */ = {isa = PBXFileReference; lastKnownFileType = text.plist.xml; path = Info.plist; sourceTree = "<group>"; };
		29505AA324016F90006A4E93 /* MapViewController.swift */ = {isa = PBXFileReference; lastKnownFileType = sourcecode.swift; path = MapViewController.swift; sourceTree = "<group>"; };
		29505AA524017C48006A4E93 /* Location.swift */ = {isa = PBXFileReference; lastKnownFileType = sourcecode.swift; path = Location.swift; sourceTree = "<group>"; };
		29505AA92402B793006A4E93 /* data.json */ = {isa = PBXFileReference; fileEncoding = 4; lastKnownFileType = text.json; path = data.json; sourceTree = "<group>"; };
/* End PBXFileReference section */

/* Begin PBXFrameworksBuildPhase section */
		29505A8924016A59006A4E93 /* Frameworks */ = {
			isa = PBXFrameworksBuildPhase;
			buildActionMask = 2147483647;
			files = (
			);
			runOnlyForDeploymentPostprocessing = 0;
		};
/* End PBXFrameworksBuildPhase section */

/* Begin PBXGroup section */
		29505A8324016A59006A4E93 = {
			isa = PBXGroup;
			children = (
				29505A8E24016A59006A4E93 /* Shincheonji Map */,
				29505A8D24016A59006A4E93 /* Products */,
			);
			sourceTree = "<group>";
		};
		29505A8D24016A59006A4E93 /* Products */ = {
			isa = PBXGroup;
			children = (
				29505A8C24016A59006A4E93 /* Shincheonji Map.app */,
			);
			name = Products;
			sourceTree = "<group>";
		};
		29505A8E24016A59006A4E93 /* Shincheonji Map */ = {
			isa = PBXGroup;
			children = (
				29505AA92402B793006A4E93 /* data.json */,
				29505A8F24016A59006A4E93 /* AppDelegate.swift */,
				29505A9124016A59006A4E93 /* SceneDelegate.swift */,
				29505A9324016A59006A4E93 /* ViewController.swift */,
				29505A9524016A59006A4E93 /* Main.storyboard */,
				29505A9824016A5A006A4E93 /* Assets.xcassets */,
				29505A9A24016A5A006A4E93 /* LaunchScreen.storyboard */,
				29505A9D24016A5A006A4E93 /* Info.plist */,
				29505AA324016F90006A4E93 /* MapViewController.swift */,
				29505AA524017C48006A4E93 /* Location.swift */,
			);
			path = "Shincheonji Map";
			sourceTree = "<group>";
		};
/* End PBXGroup section */

/* Begin PBXNativeTarget section */
		29505A8B24016A59006A4E93 /* Shincheonji Map */ = {
			isa = PBXNativeTarget;
			buildConfigurationList = 29505AA024016A5A006A4E93 /* Build configuration list for PBXNativeTarget "Shincheonji Map" */;
			buildPhases = (
				29505A8824016A59006A4E93 /* Sources */,
				29505A8924016A59006A4E93 /* Frameworks */,
				29505A8A24016A59006A4E93 /* Resources */,
			);
			buildRules = (
			);
			dependencies = (
			);
			name = "Shincheonji Map";
			productName = "Shincheonji Map";
			productReference = 29505A8C24016A59006A4E93 /* Shincheonji Map.app */;
			productType = "com.apple.product-type.application";
		};
/* End PBXNativeTarget section */

/* Begin PBXProject section */
		29505A8424016A59006A4E93 /* Project object */ = {
			isa = PBXProject;
			attributes = {
				LastSwiftUpdateCheck = 1130;
				LastUpgradeCheck = 1130;
				ORGANIZATIONNAME = "Howon Kim";
				TargetAttributes = {
					29505A8B24016A59006A4E93 = {
						CreatedOnToolsVersion = 11.3.1;
					};
				};
			};
			buildConfigurationList = 29505A8724016A59006A4E93 /* Build configuration list for PBXProject "Shincheonji Map" */;
			compatibilityVersion = "Xcode 9.3";
			developmentRegion = en;
			hasScannedForEncodings = 0;
			knownRegions = (
				en,
				Base,
			);
			mainGroup = 29505A8324016A59006A4E93;
			productRefGroup = 29505A8D24016A59006A4E93 /* Products */;
			projectDirPath = "";
			projectRoot = "";
			targets = (
				29505A8B24016A59006A4E93 /* Shincheonji Map */,
			);
		};
/* End PBXProject section */

/* Begin PBXResourcesBuildPhase section */
		29505A8A24016A59006A4E93 /* Resources */ = {
			isa = PBXResourcesBuildPhase;
			buildActionMask = 2147483647;
			files = (
				29505A9C24016A5A006A4E93 /* LaunchScreen.storyboard in Resources */,
				29505A9924016A5A006A4E93 /* Assets.xcassets in Resources */,
				29505A9724016A59006A4E93 /* Main.storyboard in Resources */,
				29505AAA2402B793006A4E93 /* data.json in Resources */,
			);
			runOnlyForDeploymentPostprocessing = 0;
		};
/* End PBXResourcesBuildPhase section */

/* Begin PBXSourcesBuildPhase section */
		29505A8824016A59006A4E93 /* Sources */ = {
			isa = PBXSourcesBuildPhase;
			buildActionMask = 2147483647;
			files = (
				29505A9424016A59006A4E93 /* ViewController.swift in Sources */,
				29505A9024016A59006A4E93 /* AppDelegate.swift in Sources */,
				29505AA624017C48006A4E93 /* Location.swift in Sources */,
				29505A9224016A59006A4E93 /* SceneDelegate.swift in Sources */,
				29505AA424016F90006A4E93 /* MapViewController.swift in Sources */,
			);
			runOnlyForDeploymentPostprocessing = 0;
		};
/* End PBXSourcesBuildPhase section */

/* Begin PBXVariantGroup section */
		29505A9524016A59006A4E93 /* Main.storyboard */ = {
			isa = PBXVariantGroup;
			children = (
				29505A9624016A59006A4E93 /* Base */,
			);
			name = Main.storyboard;
			sourceTree = "<group>";
		};
		29505A9A24016A5A006A4E93 /* LaunchScreen.storyboard */ = {
			isa = PBXVariantGroup;
			children = (
				29505A9B24016A5A006A4E93 /* Base */,
			);
			name = LaunchScreen.storyboard;
			sourceTree = "<group>";
		};
/* End PBXVariantGroup section */

/* Begin XCBuildConfiguration section */
		29505A9E24016A5A006A4E93 /* Debug */ = {
			isa = XCBuildConfiguration;
			buildSettings = {
				ALWAYS_SEARCH_USER_PATHS = NO;
				CLANG_ANALYZER_NONNULL = YES;
				CLANG_ANALYZER_NUMBER_OBJECT_CONVERSION = YES_AGGRESSIVE;
				CLANG_CXX_LANGUAGE_STANDARD = "gnu++14";
				CLANG_CXX_LIBRARY = "libc++";
				CLANG_ENABLE_MODULES = YES;
				CLANG_ENABLE_OBJC_ARC = YES;
				CLANG_ENABLE_OBJC_WEAK = YES;
				CLANG_WARN_BLOCK_CAPTURE_AUTORELEASING = YES;
				CLANG_WARN_BOOL_CONVERSION = YES;
				CLANG_WARN_COMMA = YES;
				CLANG_WARN_CONSTANT_CONVERSION = YES;
				CLANG_WARN_DEPRECATED_OBJC_IMPLEMENTATIONS = YES;
				CLANG_WARN_DIRECT_OBJC_ISA_USAGE = YES_ERROR;
				CLANG_WARN_DOCUMENTATION_COMMENTS = YES;
				CLANG_WARN_EMPTY_BODY = YES;
				CLANG_WARN_ENUM_CONVERSION = YES;
				CLANG_WARN_INFINITE_RECURSION = YES;
				CLANG_WARN_INT_CONVERSION = YES;
				CLANG_WARN_NON_LITERAL_NULL_CONVERSION = YES;
				CLANG_WARN_OBJC_IMPLICIT_RETAIN_SELF = YES;
				CLANG_WARN_OBJC_LITERAL_CONVERSION = YES;
				CLANG_WARN_OBJC_ROOT_CLASS = YES_ERROR;
				CLANG_WARN_RANGE_LOOP_ANALYSIS = YES;
				CLANG_WARN_STRICT_PROTOTYPES = YES;
				CLANG_WARN_SUSPICIOUS_MOVE = YES;
				CLANG_WARN_UNGUARDED_AVAILABILITY = YES_AGGRESSIVE;
				CLANG_WARN_UNREACHABLE_CODE = YES;
				CLANG_WARN__DUPLICATE_METHOD_MATCH = YES;
				COPY_PHASE_STRIP = NO;
				DEBUG_INFORMATION_FORMAT = dwarf;
				ENABLE_STRICT_OBJC_MSGSEND = YES;
				ENABLE_TESTABILITY = YES;
				GCC_C_LANGUAGE_STANDARD = gnu11;
				GCC_DYNAMIC_NO_PIC = NO;
				GCC_NO_COMMON_BLOCKS = YES;
				GCC_OPTIMIZATION_LEVEL = 0;
				GCC_PREPROCESSOR_DEFINITIONS = (
					"DEBUG=1",
					"$(inherited)",
				);
				GCC_WARN_64_TO_32_BIT_CONVERSION = YES;
				GCC_WARN_ABOUT_RETURN_TYPE = YES_ERROR;
				GCC_WARN_UNDECLARED_SELECTOR = YES;
				GCC_WARN_UNINITIALIZED_AUTOS = YES_AGGRESSIVE;
				GCC_WARN_UNUSED_FUNCTION = YES;
				GCC_WARN_UNUSED_VARIABLE = YES;
				IPHONEOS_DEPLOYMENT_TARGET = 13.2;
				MTL_ENABLE_DEBUG_INFO = INCLUDE_SOURCE;
				MTL_FAST_MATH = YES;
				ONLY_ACTIVE_ARCH = YES;
				SDKROOT = iphoneos;
				SWIFT_ACTIVE_COMPILATION_CONDITIONS = DEBUG;
				SWIFT_OPTIMIZATION_LEVEL = "-Onone";
			};
			name = Debug;
		};
		29505A9F24016A5A006A4E93 /* Release */ = {
			isa = XCBuildConfiguration;
			buildSettings = {
				ALWAYS_SEARCH_USER_PATHS = NO;
				CLANG_ANALYZER_NONNULL = YES;
				CLANG_ANALYZER_NUMBER_OBJECT_CONVERSION = YES_AGGRESSIVE;
				CLANG_CXX_LANGUAGE_STANDARD = "gnu++14";
				CLANG_CXX_LIBRARY = "libc++";
				CLANG_ENABLE_MODULES = YES;
				CLANG_ENABLE_OBJC_ARC = YES;
				CLANG_ENABLE_OBJC_WEAK = YES;
				CLANG_WARN_BLOCK_CAPTURE_AUTORELEASING = YES;
				CLANG_WARN_BOOL_CONVERSION = YES;
				CLANG_WARN_COMMA = YES;
				CLANG_WARN_CONSTANT_CONVERSION = YES;
				CLANG_WARN_DEPRECATED_OBJC_IMPLEMENTATIONS = YES;
				CLANG_WARN_DIRECT_OBJC_ISA_USAGE = YES_ERROR;
				CLANG_WARN_DOCUMENTATION_COMMENTS = YES;
				CLANG_WARN_EMPTY_BODY = YES;
				CLANG_WARN_ENUM_CONVERSION = YES;
				CLANG_WARN_INFINITE_RECURSION = YES;
				CLANG_WARN_INT_CONVERSION = YES;
				CLANG_WARN_NON_LITERAL_NULL_CONVERSION = YES;
				CLANG_WARN_OBJC_IMPLICIT_RETAIN_SELF = YES;
				CLANG_WARN_OBJC_LITERAL_CONVERSION = YES;
				CLANG_WARN_OBJC_ROOT_CLASS = YES_ERROR;
				CLANG_WARN_RANGE_LOOP_ANALYSIS = YES;
				CLANG_WARN_STRICT_PROTOTYPES = YES;
				CLANG_WARN_SUSPICIOUS_MOVE = YES;
				CLANG_WARN_UNGUARDED_AVAILABILITY = YES_AGGRESSIVE;
				CLANG_WARN_UNREACHABLE_CODE = YES;
				CLANG_WARN__DUPLICATE_METHOD_MATCH = YES;
				COPY_PHASE_STRIP = NO;
				DEBUG_INFORMATION_FORMAT = "dwarf-with-dsym";
				ENABLE_NS_ASSERTIONS = NO;
				ENABLE_STRICT_OBJC_MSGSEND = YES;
				GCC_C_LANGUAGE_STANDARD = gnu11;
				GCC_NO_COMMON_BLOCKS = YES;
				GCC_WARN_64_TO_32_BIT_CONVERSION = YES;
				GCC_WARN_ABOUT_RETURN_TYPE = YES_ERROR;
				GCC_WARN_UNDECLARED_SELECTOR = YES;
				GCC_WARN_UNINITIALIZED_AUTOS = YES_AGGRESSIVE;
				GCC_WARN_UNUSED_FUNCTION = YES;
				GCC_WARN_UNUSED_VARIABLE = YES;
				IPHONEOS_DEPLOYMENT_TARGET = 13.2;
				MTL_ENABLE_DEBUG_INFO = NO;
				MTL_FAST_MATH = YES;
				SDKROOT = iphoneos;
				SWIFT_COMPILATION_MODE = wholemodule;
				SWIFT_OPTIMIZATION_LEVEL = "-O";
				VALIDATE_PRODUCT = YES;
			};
			name = Release;
		};
		29505AA124016A5A006A4E93 /* Debug */ = {
			isa = XCBuildConfiguration;
			buildSettings = {
				ASSETCATALOG_COMPILER_APPICON_NAME = AppIcon;
				CODE_SIGN_STYLE = Automatic;
				CURRENT_PROJECT_VERSION = 1.0;
				DEVELOPMENT_TEAM = 48BUATF4VW;
				INFOPLIST_FILE = "Shincheonji Map/Info.plist";
				LD_RUNPATH_SEARCH_PATHS = (
					"$(inherited)",
					"@executable_path/Frameworks",
				);
				MARKETING_VERSION = 20.0201;
				PRODUCT_BUNDLE_IDENTIFIER = "com.softsign.Shincheonji-Map";
				PRODUCT_NAME = "$(TARGET_NAME)";
				SWIFT_VERSION = 5.0;
				TARGETED_DEVICE_FAMILY = "1,2";
			};
			name = Debug;
		};
		29505AA224016A5A006A4E93 /* Release */ = {
			isa = XCBuildConfiguration;
			buildSettings = {
				ASSETCATALOG_COMPILER_APPICON_NAME = AppIcon;
				CODE_SIGN_STYLE = Automatic;
				CURRENT_PROJECT_VERSION = 1.0;
				DEVELOPMENT_TEAM = 48BUATF4VW;
				INFOPLIST_FILE = "Shincheonji Map/Info.plist";
				LD_RUNPATH_SEARCH_PATHS = (
					"$(inherited)",
					"@executable_path/Frameworks",
				);
				MARKETING_VERSION = 20.0201;
				PRODUCT_BUNDLE_IDENTIFIER = "com.softsign.Shincheonji-Map";
				PRODUCT_NAME = "$(TARGET_NAME)";
				SWIFT_VERSION = 5.0;
				TARGETED_DEVICE_FAMILY = "1,2";
			};
			name = Release;
		};
/* End XCBuildConfiguration section */

/* Begin XCConfigurationList section */
		29505A8724016A59006A4E93 /* Build configuration list for PBXProject "Shincheonji Map" */ = {
			isa = XCConfigurationList;
			buildConfigurations = (
				29505A9E24016A5A006A4E93 /* Debug */,
				29505A9F24016A5A006A4E93 /* Release */,
			);
			defaultConfigurationIsVisible = 0;
			defaultConfigurationName = Release;
		};
		29505AA024016A5A006A4E93 /* Build configuration list for PBXNativeTarget "Shincheonji Map" */ = {
			isa = XCConfigurationList;
			buildConfigurations = (
				29505AA124016A5A006A4E93 /* Debug */,
				29505AA224016A5A006A4E93 /* Release */,
			);
			defaultConfigurationIsVisible = 0;
			defaultConfigurationName = Release;
		};
/* End XCConfigurationList section */
	};
	rootObject = 29505A8424016A59006A4E93 /* Project object */;
}
